{
  "name": "spearmct",
  "version": "1.0.0",
  "lockfileVersion": 1,
  "requires": true,
  "dependencies": {
    "openmct": {
      "version": "1.6.1",
      "resolved": "https://registry.npmjs.org/openmct/-/openmct-1.6.1.tgz",
      "integrity": "sha512-P9e8lKkHrNVMgTAh8hOq0rSw6pKSuUjjkj8xzmgCfAfX/myFN9mJRnvQK6dDcOwVI0bvELIr4NqZF8lGhnGBRw=="
    }
  }
}
